
Microsoft Visual Studio Solution File, Format Version 12.00
# Visual Studio 15
VisualStudioVersion = 15.0.26730.12
MinimumVisualStudioVersion = 10.0.40219.1
Project("{FAE04EC0-301F-11D3-BF4B-00C04F79EFBC}") = "unit converter", "unit converter\unit converter.csproj", "{DDE2BE3F-2C9F-4F2B-84BA-396D515A80E4}"
EndProject
Global
	GlobalSection(SolutionConfigurationPlatforms) = preSolution
		Debug|Any CPU = Debug|Any CPU
		Release|Any CPU = Release|Any CPU
	EndGlobalSection
	GlobalSection(ProjectConfigurationPlatforms) = postSolution
		{DDE2BE3F-2C9F-4F2B-84BA-396D515A80E4}.Debug|Any CPU.ActiveCfg = Debug|Any CPU
		{DDE2BE3F-2C9F-4F2B-84BA-396D515A80E4}.Debug|Any CPU.Build.0 = Debug|Any CPU
		{DDE2BE3F-2C9F-4F2B-84BA-396D515A80E4}.Release|Any CPU.ActiveCfg = Release|Any CPU
		{DDE2BE3F-2C9F-4F2B-84BA-396D515A80E4}.Release|Any CPU.Build.0 = Release|Any CPU
	EndGlobalSection
	GlobalSection(SolutionProperties) = preSolution
		HideSolutionNode = FALSE
	EndGlobalSection
	GlobalSection(ExtensibilityGlobals) = postSolution
		SolutionGuid = {05CE96D6-0832-46DF-ABBB-8C349035F14E}
	EndGlobalSection
EndGlobal
